# This file is autogenerated, do not edit; changes may be undone by the next 'dep ensure'.


[[projects]]
  digest = "1:2e3c336fc7fde5c984d2841455a658a6d626450b1754a854b3b32e7a8f49a07a"
  name = "github.com/google/go-cmp"
  packages = [
    "cmp",
    "cmp/internal/diff",
    "cmp/internal/function",
    "cmp/internal/value",
  ]
  pruneopts = "UT"
  revision = "3af367b6b30c263d47e8895973edcca9a49cf029"
  version = "v0.2.0"

[[projects]]
  branch = "master"
  digest = "1:818d4f710c3e1b56a702fe8af3110e5e8b634f65c58f295fe77ca35c03ccdb8d"
  name = "github.com/mdlayher/hdhomerun"
  packages = [
    ".",
    "internal/libhdhomerun",
  ]
  pruneopts = "UT"
  revision = "74ca5dc0ee4acaea599e9451b27d01308110d6fe"

[solve-meta]
  analyzer-name = "dep"
  analyzer-version = 1
  input-imports = ["github.com/mdlayher/hdhomerun"]
  solver-name = "gps-cdcl"
  solver-version = 1
